
Microsoft Visual Studio Solution File, Format Version 12.00
# Visual Studio Version 17
VisualStudioVersion = 17.8.34330.188
MinimumVisualStudioVersion = 10.0.40219.1
Project("{FAE04EC0-301F-11D3-BF4B-00C04F79EFBC}") = "GPA", "GPA\GPA.csproj", "{CD68FEE5-2961-40EC-87EA-4426A9EA431A}"
EndProject
Global
	GlobalSection(SolutionConfigurationPlatforms) = preSolution
		Debug|Any CPU = Debug|Any CPU
		Release|Any CPU = Release|Any CPU
	EndGlobalSection
	GlobalSection(ProjectConfigurationPlatforms) = postSolution
		{CD68FEE5-2961-40EC-87EA-4426A9EA431A}.Debug|Any CPU.ActiveCfg = Debug|Any CPU
		{CD68FEE5-2961-40EC-87EA-4426A9EA431A}.Debug|Any CPU.Build.0 = Debug|Any CPU
		{CD68FEE5-2961-40EC-87EA-4426A9EA431A}.Release|Any CPU.ActiveCfg = Release|Any CPU
		{CD68FEE5-2961-40EC-87EA-4426A9EA431A}.Release|Any CPU.Build.0 = Release|Any CPU
	EndGlobalSection
	GlobalSection(SolutionProperties) = preSolution
		HideSolutionNode = FALSE
	EndGlobalSection
	GlobalSection(ExtensibilityGlobals) = postSolution
		SolutionGuid = {AF258DE0-5F97-4473-BB93-0FCF3F09E169}
	EndGlobalSection
EndGlobal
